// !$*UTF8*$!
{
	archiveVersion = 1;
	classes = {
	};
	objectVersion = 77;
	objects = {

/* Begin PBXBuildFile section */
		0926B92629E00D96362CFCC4 /* SketchOCRService.swift in Sources */ = {isa = PBXBuildFile; fileRef = 4D394FB946D4895D815C9502 /* SketchOCRService.swift */; };
		0B0BA07E1BAF1E0CF280E1F3 /* PicksSyncService.swift in Sources */ = {isa = PBXBuildFile; fileRef = A8EF0E69F44ED6B4CCD641FE /* PicksSyncService.swift */; };
		0D7C5F8C6E837B167AE44E4D /* NoteListView.swift in Sources */ = {isa = PBXBuildFile; fileRef = DF287F6BF372F9BAC05CC878 /* NoteListView.swift */; };
		140AACDEEBBA289CA46A9B7A /* DayPicker.swift in Sources */ = {isa = PBXBuildFile; fileRef = 2C8C3E4F7B3B746731B2E40B /* DayPicker.swift */; };
		17C648B81CEABA1A442D9FE6 /* Contact.swift in Sources */ = {isa = PBXBuildFile; fileRef = B22A4F389E85B91D969404A0 /* Contact.swift */; };
		1C20602467A99573E1BA3AAD /* ExtrasView.swift in Sources */ = {isa = PBXBuildFile; fileRef = D1D7DDB99F4720F1690CC658 /* ExtrasView.swift */; };
		22B8C7D682511D5E75DCD06B /* UserProfile.swift in Sources */ = {isa = PBXBuildFile; fileRef = AEA8654FF576496E1DBA602B /* UserProfile.swift */; };
		24708B210E80D772D5A46030 /* MateBadges.swift in Sources */ = {isa = PBXBuildFile; fileRef = 8BBFF9EBEC0A1C303429029A /* MateBadges.swift */; };
		2DA31BD36FDA65B813D24461 /* MediaStrip.swift in Sources */ = {isa = PBXBuildFile; fileRef = 8E10FF67314AB7E35816A9D8 /* MediaStrip.swift */; };
		3B365F0C8B01AC46C26358C0 /* MarkdownTheme.swift in Sources */ = {isa = PBXBuildFile; fileRef = 3849F1C44B79277CEF99F0F2 /* MarkdownTheme.swift */; };
		3C3A02D0BFB717DF9A3A7C84 /* ScheduleView.swift in Sources */ = {isa = PBXBuildFile; fileRef = A314A12B39A28121D292BDA5 /* ScheduleView.swift */; };
		3D14095D483511B17D269768 /* Session.swift in Sources */ = {isa = PBXBuildFile; fileRef = FAD5B93C3F602ADC1451B95D /* Session.swift */; };
		3E2383F522640C3A7D3D0E32 /* SessionNote.swift in Sources */ = {isa = PBXBuildFile; fileRef = 1E4447E6B4A64BFD204C31FB /* SessionNote.swift */; };
		41998527D364FEEB64034E39 /* programme.json in Resources */ = {isa = PBXBuildFile; fileRef = F4FAA964607147AFD06F8EE2 /* programme.json */; };
		4BF364BC5F678097A00EF423 /* ExportView.swift in Sources */ = {isa = PBXBuildFile; fileRef = 2D19F6CC6B036B9A63464531 /* ExportView.swift */; };
		4D2D19E23D7C95A78A4AAD65 /* SplashScreen.swift in Sources */ = {isa = PBXBuildFile; fileRef = CCF438AA89D0AB0473C3C12C /* SplashScreen.swift */; };
		51B4D1B4711ED952DAF0C7C1 /* VenueMapPin.swift in Sources */ = {isa = PBXBuildFile; fileRef = 75F8DA2243F9539A0DABC1B9 /* VenueMapPin.swift */; };
		5D2FA24D52912819DBAC7B99 /* SketchEditorView.swift in Sources */ = {isa = PBXBuildFile; fileRef = 947EA32D5FAB2E45DE084BC6 /* SketchEditorView.swift */; };
		637D5707861F36BA9E47F10D /* MainTabView.swift in Sources */ = {isa = PBXBuildFile; fileRef = 0C20146D120CDC1954E3B374 /* MainTabView.swift */; };
		684BF2AC370B2123A7054790 /* SketchToolbar.swift in Sources */ = {isa = PBXBuildFile; fileRef = 88CDFF2C0C7C27530C2DEAF0 /* SketchToolbar.swift */; };
		6DAF4358E3534325C9CAD3D2 /* UserPickerView.swift in Sources */ = {isa = PBXBuildFile; fileRef = F33FA74F231592E2E84267B9 /* UserPickerView.swift */; };
		6DE13A274D4683DBD7571EFC /* ConferenceStore.swift in Sources */ = {isa = PBXBuildFile; fileRef = DBB78744B1F1A19FB7595441 /* ConferenceStore.swift */; };
		735C658CFB9D205C360F09E2 /* SearchView.swift in Sources */ = {isa = PBXBuildFile; fileRef = F465010D6828C14CA51F9FE8 /* SearchView.swift */; };
		80743A7A3D464BB86C2AA183 /* VenueMapView.swift in Sources */ = {isa = PBXBuildFile; fileRef = 6AB3DF6E94C2B441E064F7FA /* VenueMapView.swift */; };
		82B89C76CEAEB46ED94503ED /* NotesStore.swift in Sources */ = {isa = PBXBuildFile; fileRef = 0EFF38970856A976CDD64DD1 /* NotesStore.swift */; };
		881944143EC8720B76C5F4EE /* PhotoPickerView.swift in Sources */ = {isa = PBXBuildFile; fileRef = 4892D4D14C96B8ADE4E9520C /* PhotoPickerView.swift */; };
		8DE366B071BED80669662FAD /* VenueMap.swift in Sources */ = {isa = PBXBuildFile; fileRef = 5160D738B676A8A49EAC5F73 /* VenueMap.swift */; };
		8E114903E66E59DF59AEEADA /* VenueMapThumbnail.swift in Sources */ = {isa = PBXBuildFile; fileRef = C5F48A8EA3472703F679BEBE /* VenueMapThumbnail.swift */; };
		90169BCAE57F9F98E3152AA2 /* ConferenceNavApp.swift in Sources */ = {isa = PBXBuildFile; fileRef = F0D132BE6002F392FA73C410 /* ConferenceNavApp.swift */; };
		998F9A46BE99AA2D76B3AA3D /* DotGridBackgroundView.swift in Sources */ = {isa = PBXBuildFile; fileRef = 7192D2FDA16AB8CAB211B339 /* DotGridBackgroundView.swift */; };
		9C2EAB7CA1856210D60C2BE2 /* ContactFormView.swift in Sources */ = {isa = PBXBuildFile; fileRef = 81CB20D2EA6F65D8A36A1DE1 /* ContactFormView.swift */; };
		A167A4C4FD3A61A98E76FE35 /* Assets.xcassets in Resources */ = {isa = PBXBuildFile; fileRef = CAEF12E4AE1A856CE79051D3 /* Assets.xcassets */; };
		A2089B62FC3F005BAA5C7978 /* MarkdownUI in Frameworks */ = {isa = PBXBuildFile; productRef = 681E8D0B10A4F3533B42B01F /* MarkdownUI */; };
		A50036AB1B7ACEDE553E2381 /* ConferenceDesign.swift in Sources */ = {isa = PBXBuildFile; fileRef = D7DCCE05D03ED77F14D5E700 /* ConferenceDesign.swift */; };
		AB5F1B4CF81ADC74FF3AE9FF /* SessionDetailView.swift in Sources */ = {isa = PBXBuildFile; fileRef = 806773D59A447642DBC5605F /* SessionDetailView.swift */; };
		ABB202A3C3FF442305F380C1 /* SessionCardView.swift in Sources */ = {isa = PBXBuildFile; fileRef = 973E810CB78C7D2116DAE13F /* SessionCardView.swift */; };
		B14984DBFFA96F178425C872 /* PickButton.swift in Sources */ = {isa = PBXBuildFile; fileRef = 905DAB7858468A4F9BB51832 /* PickButton.swift */; };
		B1F3D17D1B9D524FE2CE17B2 /* NoteEditorView.swift in Sources */ = {isa = PBXBuildFile; fileRef = 019D4CAE08FEDE0CF7A72461 /* NoteEditorView.swift */; };
		B834CDC7A202CEBA6886F667 /* MyDayOverlay.swift in Sources */ = {isa = PBXBuildFile; fileRef = 27F4AA3996BD6DD8FA7299C1 /* MyDayOverlay.swift */; };
		BBE777061BFCC9F280661159 /* NotificationService.swift in Sources */ = {isa = PBXBuildFile; fileRef = 0CC6A211695F9F00B26E7BD4 /* NotificationService.swift */; };
		CC3F8C04681DC46D9ABD7AFD /* ConflictBanner.swift in Sources */ = {isa = PBXBuildFile; fileRef = D818A856FBA8AD3E835B6C9C /* ConflictBanner.swift */; };
		CDE82F251FC80BF43A6C18CB /* MatesView.swift in Sources */ = {isa = PBXBuildFile; fileRef = DFF16FC2B7C5FDC7BCDBE67A /* MatesView.swift */; };
		D7B2C1FD36142A55BD82882A /* SearchIndex.swift in Sources */ = {isa = PBXBuildFile; fileRef = DCEE2D9637735FA17911238B /* SearchIndex.swift */; };
		E5D0BF7D2D800B6C179A9DC7 /* VenueMapDebugView.swift in Sources */ = {isa = PBXBuildFile; fileRef = 2FE189CB9DCA5816125BA0FA /* VenueMapDebugView.swift */; };
		E624B8B3765D8A8F8A1EBD28 /* FilterChips.swift in Sources */ = {isa = PBXBuildFile; fileRef = 25DBFC2BEBC7B97FD3DDBCCB /* FilterChips.swift */; };
		E633ABB8D16A7C3CBCEFEF26 /* MyPicksView.swift in Sources */ = {isa = PBXBuildFile; fileRef = 0BA4FBA25A56952993867E09 /* MyPicksView.swift */; };
		E6D5620D8AED78205F25F2FF /* PeopleListView.swift in Sources */ = {isa = PBXBuildFile; fileRef = EA3D68B1D6DCC148013B6C23 /* PeopleListView.swift */; };
		E9A3C36411D9B78F0649A269 /* DebugClock.swift in Sources */ = {isa = PBXBuildFile; fileRef = A019158E5B5CF1704C6BC448 /* DebugClock.swift */; };
		F02B33683EDA7403622D602D /* IdiomLayout.swift in Sources */ = {isa = PBXBuildFile; fileRef = D4FEEAD240BA4BB842B437E7 /* IdiomLayout.swift */; };
		F09E8A5A014D7C1458DF6D94 /* ContactStore.swift in Sources */ = {isa = PBXBuildFile; fileRef = E3B8A4B544BCE2EED3C45B73 /* ContactStore.swift */; };
		FE2EC69A050F1756E79C0290 /* TypeBadge.swift in Sources */ = {isa = PBXBuildFile; fileRef = 8421665C99AF96863DB84F34 /* TypeBadge.swift */; };
/* End PBXBuildFile section */

/* Begin PBXFileReference section */
		019D4CAE08FEDE0CF7A72461 /* NoteEditorView.swift */ = {isa = PBXFileReference; lastKnownFileType = sourcecode.swift; path = NoteEditorView.swift; sourceTree = "<group>"; };
		0BA4FBA25A56952993867E09 /* MyPicksView.swift */ = {isa = PBXFileReference; lastKnownFileType = sourcecode.swift; path = MyPicksView.swift; sourceTree = "<group>"; };
		0C20146D120CDC1954E3B374 /* MainTabView.swift */ = {isa = PBXFileReference; lastKnownFileType = sourcecode.swift; path = MainTabView.swift; sourceTree = "<group>"; };
		0CC6A211695F9F00B26E7BD4 /* NotificationService.swift */ = {isa = PBXFileReference; lastKnownFileType = sourcecode.swift; path = NotificationService.swift; sourceTree = "<group>"; };
		0EFF38970856A976CDD64DD1 /* NotesStore.swift */ = {isa = PBXFileReference; lastKnownFileType = sourcecode.swift; path = NotesStore.swift; sourceTree = "<group>"; };
		1E4447E6B4A64BFD204C31FB /* SessionNote.swift */ = {isa = PBXFileReference; lastKnownFileType = sourcecode.swift; path = SessionNote.swift; sourceTree = "<group>"; };
		25DBFC2BEBC7B97FD3DDBCCB /* FilterChips.swift */ = {isa = PBXFileReference; lastKnownFileType = sourcecode.swift; path = FilterChips.swift; sourceTree = "<group>"; };
		27F4AA3996BD6DD8FA7299C1 /* MyDayOverlay.swift */ = {isa = PBXFileReference; lastKnownFileType = sourcecode.swift; path = MyDayOverlay.swift; sourceTree = "<group>"; };
		2C8C3E4F7B3B746731B2E40B /* DayPicker.swift */ = {isa = PBXFileReference; lastKnownFileType = sourcecode.swift; path = DayPicker.swift; sourceTree = "<group>"; };
		2D19F6CC6B036B9A63464531 /* ExportView.swift */ = {isa = PBXFileReference; lastKnownFileType = sourcecode.swift; path = ExportView.swift; sourceTree = "<group>"; };
		2FE189CB9DCA5816125BA0FA /* VenueMapDebugView.swift */ = {isa = PBXFileReference; lastKnownFileType = sourcecode.swift; path = VenueMapDebugView.swift; sourceTree = "<group>"; };
		3849F1C44B79277CEF99F0F2 /* MarkdownTheme.swift */ = {isa = PBXFileReference; lastKnownFileType = sourcecode.swift; path = MarkdownTheme.swift; sourceTree = "<group>"; };
		4892D4D14C96B8ADE4E9520C /* PhotoPickerView.swift */ = {isa = PBXFileReference; lastKnownFileType = sourcecode.swift; path = PhotoPickerView.swift; sourceTree = "<group>"; };
		4D394FB946D4895D815C9502 /* SketchOCRService.swift */ = {isa = PBXFileReference; lastKnownFileType = sourcecode.swift; path = SketchOCRService.swift; sourceTree = "<group>"; };
		5160D738B676A8A49EAC5F73 /* VenueMap.swift */ = {isa = PBXFileReference; lastKnownFileType = sourcecode.swift; path = VenueMap.swift; sourceTree = "<group>"; };
		6AB3DF6E94C2B441E064F7FA /* VenueMapView.swift */ = {isa = PBXFileReference; lastKnownFileType = sourcecode.swift; path = VenueMapView.swift; sourceTree = "<group>"; };
		7192D2FDA16AB8CAB211B339 /* DotGridBackgroundView.swift */ = {isa = PBXFileReference; lastKnownFileType = sourcecode.swift; path = DotGridBackgroundView.swift; sourceTree = "<group>"; };
		75F8DA2243F9539A0DABC1B9 /* VenueMapPin.swift */ = {isa = PBXFileReference; lastKnownFileType = sourcecode.swift; path = VenueMapPin.swift; sourceTree = "<group>"; };
		806773D59A447642DBC5605F /* SessionDetailView.swift */ = {isa = PBXFileReference; lastKnownFileType = sourcecode.swift; path = SessionDetailView.swift; sourceTree = "<group>"; };
		81CB20D2EA6F65D8A36A1DE1 /* ContactFormView.swift */ = {isa = PBXFileReference; lastKnownFileType = sourcecode.swift; path = ContactFormView.swift; sourceTree = "<group>"; };
		8421665C99AF96863DB84F34 /* TypeBadge.swift */ = {isa = PBXFileReference; lastKnownFileType = sourcecode.swift; path = TypeBadge.swift; sourceTree = "<group>"; };
		88CDFF2C0C7C27530C2DEAF0 /* SketchToolbar.swift */ = {isa = PBXFileReference; lastKnownFileType = sourcecode.swift; path = SketchToolbar.swift; sourceTree = "<group>"; };
		8BBFF9EBEC0A1C303429029A /* MateBadges.swift */ = {isa = PBXFileReference; lastKnownFileType = sourcecode.swift; path = MateBadges.swift; sourceTree = "<group>"; };
		8E10FF67314AB7E35816A9D8 /* MediaStrip.swift */ = {isa = PBXFileReference; lastKnownFileType = sourcecode.swift; path = MediaStrip.swift; sourceTree = "<group>"; };
		905DAB7858468A4F9BB51832 /* PickButton.swift */ = {isa = PBXFileReference; lastKnownFileType = sourcecode.swift; path = PickButton.swift; sourceTree = "<group>"; };
		947EA32D5FAB2E45DE084BC6 /* SketchEditorView.swift */ = {isa = PBXFileReference; lastKnownFileType = sourcecode.swift; path = SketchEditorView.swift; sourceTree = "<group>"; };
		973E810CB78C7D2116DAE13F /* SessionCardView.swift */ = {isa = PBXFileReference; lastKnownFileType = sourcecode.swift; path = SessionCardView.swift; sourceTree = "<group>"; };
		A019158E5B5CF1704C6BC448 /* DebugClock.swift */ = {isa = PBXFileReference; lastKnownFileType = sourcecode.swift; path = DebugClock.swift; sourceTree = "<group>"; };
		A314A12B39A28121D292BDA5 /* ScheduleView.swift */ = {isa = PBXFileReference; lastKnownFileType = sourcecode.swift; path = ScheduleView.swift; sourceTree = "<group>"; };
		A8EF0E69F44ED6B4CCD641FE /* PicksSyncService.swift */ = {isa = PBXFileReference; lastKnownFileType = sourcecode.swift; path = PicksSyncService.swift; sourceTree = "<group>"; };
		AEA8654FF576496E1DBA602B /* UserProfile.swift */ = {isa = PBXFileReference; lastKnownFileType = sourcecode.swift; path = UserProfile.swift; sourceTree = "<group>"; };
		B22A4F389E85B91D969404A0 /* Contact.swift */ = {isa = PBXFileReference; lastKnownFileType = sourcecode.swift; path = Contact.swift; sourceTree = "<group>"; };
		C5F48A8EA3472703F679BEBE /* VenueMapThumbnail.swift */ = {isa = PBXFileReference; lastKnownFileType = sourcecode.swift; path = VenueMapThumbnail.swift; sourceTree = "<group>"; };
		CAEF12E4AE1A856CE79051D3 /* Assets.xcassets */ = {isa = PBXFileReference; lastKnownFileType = folder.assetcatalog; path = Assets.xcassets; sourceTree = "<group>"; };
		CB18E6E703765036469FAF4A /* ConferenceNav.app */ = {isa = PBXFileReference; includeInIndex = 0; lastKnownFileType = wrapper.application; path = ConferenceNav.app; sourceTree = BUILT_PRODUCTS_DIR; };
		CCF438AA89D0AB0473C3C12C /* SplashScreen.swift */ = {isa = PBXFileReference; lastKnownFileType = sourcecode.swift; path = SplashScreen.swift; sourceTree = "<group>"; };
		D1D7DDB99F4720F1690CC658 /* ExtrasView.swift */ = {isa = PBXFileReference; lastKnownFileType = sourcecode.swift; path = ExtrasView.swift; sourceTree = "<group>"; };
		D4FEEAD240BA4BB842B437E7 /* IdiomLayout.swift */ = {isa = PBXFileReference; lastKnownFileType = sourcecode.swift; path = IdiomLayout.swift; sourceTree = "<group>"; };
		D7DCCE05D03ED77F14D5E700 /* ConferenceDesign.swift */ = {isa = PBXFileReference; lastKnownFileType = sourcecode.swift; path = ConferenceDesign.swift; sourceTree = "<group>"; };
		D818A856FBA8AD3E835B6C9C /* ConflictBanner.swift */ = {isa = PBXFileReference; lastKnownFileType = sourcecode.swift; path = ConflictBanner.swift; sourceTree = "<group>"; };
		DBB78744B1F1A19FB7595441 /* ConferenceStore.swift */ = {isa = PBXFileReference; lastKnownFileType = sourcecode.swift; path = ConferenceStore.swift; sourceTree = "<group>"; };
		DCEE2D9637735FA17911238B /* SearchIndex.swift */ = {isa = PBXFileReference; lastKnownFileType = sourcecode.swift; path = SearchIndex.swift; sourceTree = "<group>"; };
		DF287F6BF372F9BAC05CC878 /* NoteListView.swift */ = {isa = PBXFileReference; lastKnownFileType = sourcecode.swift; path = NoteListView.swift; sourceTree = "<group>"; };
		DFF16FC2B7C5FDC7BCDBE67A /* MatesView.swift */ = {isa = PBXFileReference; lastKnownFileType = sourcecode.swift; path = MatesView.swift; sourceTree = "<group>"; };
		E3B8A4B544BCE2EED3C45B73 /* ContactStore.swift */ = {isa = PBXFileReference; lastKnownFileType = sourcecode.swift; path = ContactStore.swift; sourceTree = "<group>"; };
		EA3D68B1D6DCC148013B6C23 /* PeopleListView.swift */ = {isa = PBXFileReference; lastKnownFileType = sourcecode.swift; path = PeopleListView.swift; sourceTree = "<group>"; };
		F0D132BE6002F392FA73C410 /* ConferenceNavApp.swift */ = {isa = PBXFileReference; lastKnownFileType = sourcecode.swift; path = ConferenceNavApp.swift; sourceTree = "<group>"; };
		F33FA74F231592E2E84267B9 /* UserPickerView.swift */ = {isa = PBXFileReference; lastKnownFileType = sourcecode.swift; path = UserPickerView.swift; sourceTree = "<group>"; };
		F465010D6828C14CA51F9FE8 /* SearchView.swift */ = {isa = PBXFileReference; lastKnownFileType = sourcecode.swift; path = SearchView.swift; sourceTree = "<group>"; };
		F4FAA964607147AFD06F8EE2 /* programme.json */ = {isa = PBXFileReference; lastKnownFileType = text.json; path = programme.json; sourceTree = "<group>"; };
		FAD5B93C3F602ADC1451B95D /* Session.swift */ = {isa = PBXFileReference; lastKnownFileType = sourcecode.swift; path = Session.swift; sourceTree = "<group>"; };
/* End PBXFileReference section */

/* Begin PBXFrameworksBuildPhase section */
		ED5702186B4408D0E0E9D92D /* Frameworks */ = {
			isa = PBXFrameworksBuildPhase;
			buildActionMask = 2147483647;
			files = (
				A2089B62FC3F005BAA5C7978 /* MarkdownUI in Frameworks */,
			);
			runOnlyForDeploymentPostprocessing = 0;
		};
/* End PBXFrameworksBuildPhase section */

/* Begin PBXGroup section */
		09EA12A104AA16618AE76D35 /* Views */ = {
			isa = PBXGroup;
			children = (
				81CB20D2EA6F65D8A36A1DE1 /* ContactFormView.swift */,
				2D19F6CC6B036B9A63464531 /* ExportView.swift */,
				D1D7DDB99F4720F1690CC658 /* ExtrasView.swift */,
				0C20146D120CDC1954E3B374 /* MainTabView.swift */,
				DFF16FC2B7C5FDC7BCDBE67A /* MatesView.swift */,
				0BA4FBA25A56952993867E09 /* MyPicksView.swift */,
				019D4CAE08FEDE0CF7A72461 /* NoteEditorView.swift */,
				DF287F6BF372F9BAC05CC878 /* NoteListView.swift */,
				EA3D68B1D6DCC148013B6C23 /* PeopleListView.swift */,
				4892D4D14C96B8ADE4E9520C /* PhotoPickerView.swift */,
				A314A12B39A28121D292BDA5 /* ScheduleView.swift */,
				F465010D6828C14CA51F9FE8 /* SearchView.swift */,
				973E810CB78C7D2116DAE13F /* SessionCardView.swift */,
				806773D59A447642DBC5605F /* SessionDetailView.swift */,
				CCF438AA89D0AB0473C3C12C /* SplashScreen.swift */,
				F33FA74F231592E2E84267B9 /* UserPickerView.swift */,
				8D4C237B668DECF2C9C8B182 /* Components */,
				601853706C41AC48C13F6EC6 /* SketchEditor */,
				CE59C13665EE5BE7F612634F /* VenueMap */,
			);
			path = Views;
			sourceTree = "<group>";
		};
		1669E25AA7F6375C0263CA6D /* Resources */ = {
			isa = PBXGroup;
			children = (
				F4FAA964607147AFD06F8EE2 /* programme.json */,
			);
			path = Resources;
			sourceTree = "<group>";
		};
		57E968DA6E68562A5142BAA0 /* Products */ = {
			isa = PBXGroup;
			children = (
				CB18E6E703765036469FAF4A /* ConferenceNav.app */,
			);
			name = Products;
			sourceTree = "<group>";
		};
		601853706C41AC48C13F6EC6 /* SketchEditor */ = {
			isa = PBXGroup;
			children = (
				7192D2FDA16AB8CAB211B339 /* DotGridBackgroundView.swift */,
				947EA32D5FAB2E45DE084BC6 /* SketchEditorView.swift */,
				88CDFF2C0C7C27530C2DEAF0 /* SketchToolbar.swift */,
			);
			path = SketchEditor;
			sourceTree = "<group>";
		};
		70E1C00BE13825905EF0EC66 /* Services */ = {
			isa = PBXGroup;
			children = (
				DBB78744B1F1A19FB7595441 /* ConferenceStore.swift */,
				E3B8A4B544BCE2EED3C45B73 /* ContactStore.swift */,
				A019158E5B5CF1704C6BC448 /* DebugClock.swift */,
				0EFF38970856A976CDD64DD1 /* NotesStore.swift */,
				0CC6A211695F9F00B26E7BD4 /* NotificationService.swift */,
				A8EF0E69F44ED6B4CCD641FE /* PicksSyncService.swift */,
				DCEE2D9637735FA17911238B /* SearchIndex.swift */,
				4D394FB946D4895D815C9502 /* SketchOCRService.swift */,
			);
			path = Services;
			sourceTree = "<group>";
		};
		7158F7107AC7F97D0E6682D5 = {
			isa = PBXGroup;
			children = (
				CAEF12E4AE1A856CE79051D3 /* Assets.xcassets */,
				F0D132BE6002F392FA73C410 /* ConferenceNavApp.swift */,
				F6DC5345A89078801D6A9C7B /* Design */,
				761D829C1505D303EDEA0FC6 /* Models */,
				1669E25AA7F6375C0263CA6D /* Resources */,
				70E1C00BE13825905EF0EC66 /* Services */,
				09EA12A104AA16618AE76D35 /* Views */,
				57E968DA6E68562A5142BAA0 /* Products */,
			);
			sourceTree = "<group>";
		};
		761D829C1505D303EDEA0FC6 /* Models */ = {
			isa = PBXGroup;
			children = (
				B22A4F389E85B91D969404A0 /* Contact.swift */,
				FAD5B93C3F602ADC1451B95D /* Session.swift */,
				1E4447E6B4A64BFD204C31FB /* SessionNote.swift */,
				AEA8654FF576496E1DBA602B /* UserProfile.swift */,
				5160D738B676A8A49EAC5F73 /* VenueMap.swift */,
			);
			path = Models;
			sourceTree = "<group>";
		};
		8D4C237B668DECF2C9C8B182 /* Components */ = {
			isa = PBXGroup;
			children = (
				D818A856FBA8AD3E835B6C9C /* ConflictBanner.swift */,
				2C8C3E4F7B3B746731B2E40B /* DayPicker.swift */,
				25DBFC2BEBC7B97FD3DDBCCB /* FilterChips.swift */,
				8BBFF9EBEC0A1C303429029A /* MateBadges.swift */,
				8E10FF67314AB7E35816A9D8 /* MediaStrip.swift */,
				905DAB7858468A4F9BB51832 /* PickButton.swift */,
				8421665C99AF96863DB84F34 /* TypeBadge.swift */,
			);
			path = Components;
			sourceTree = "<group>";
		};
		CE59C13665EE5BE7F612634F /* VenueMap */ = {
			isa = PBXGroup;
			children = (
				27F4AA3996BD6DD8FA7299C1 /* MyDayOverlay.swift */,
				2FE189CB9DCA5816125BA0FA /* VenueMapDebugView.swift */,
				75F8DA2243F9539A0DABC1B9 /* VenueMapPin.swift */,
				C5F48A8EA3472703F679BEBE /* VenueMapThumbnail.swift */,
				6AB3DF6E94C2B441E064F7FA /* VenueMapView.swift */,
			);
			path = VenueMap;
			sourceTree = "<group>";
		};
		F6DC5345A89078801D6A9C7B /* Design */ = {
			isa = PBXGroup;
			children = (
				D7DCCE05D03ED77F14D5E700 /* ConferenceDesign.swift */,
				D4FEEAD240BA4BB842B437E7 /* IdiomLayout.swift */,
				3849F1C44B79277CEF99F0F2 /* MarkdownTheme.swift */,
			);
			path = Design;
			sourceTree = "<group>";
		};
/* End PBXGroup section */

/* Begin PBXNativeTarget section */
		643E5BFEBB7734EBAF6D7B42 /* ConferenceNav */ = {
			isa = PBXNativeTarget;
			buildConfigurationList = 505C5E49CF30AA09F192CA4B /* Build configuration list for PBXNativeTarget "ConferenceNav" */;
			buildPhases = (
				36BD40E463B5243D8AB105CE /* Sources */,
				21B57D59C6E8D452168D9E25 /* Resources */,
				ED5702186B4408D0E0E9D92D /* Frameworks */,
			);
			buildRules = (
			);
			dependencies = (
			);
			name = ConferenceNav;
			packageProductDependencies = (
				681E8D0B10A4F3533B42B01F /* MarkdownUI */,
			);
			productName = ConferenceNav;
			productReference = CB18E6E703765036469FAF4A /* ConferenceNav.app */;
			productType = "com.apple.product-type.application";
		};
/* End PBXNativeTarget section */

/* Begin PBXProject section */
		24DB57695720E850FE6A6E92 /* Project object */ = {
			isa = PBXProject;
			attributes = {
				BuildIndependentTargetsInParallel = YES;
				LastUpgradeCheck = 1600;
				TargetAttributes = {
					643E5BFEBB7734EBAF6D7B42 = {
						DevelopmentTeam = "";
						ProvisioningStyle = Automatic;
					};
				};
			};
			buildConfigurationList = D81B37C82A82E7408FC87A05 /* Build configuration list for PBXProject "ConferenceNav" */;
			compatibilityVersion = "Xcode 14.0";
			developmentRegion = en;
			hasScannedForEncodings = 0;
			knownRegions = (
				Base,
				en,
			);
			mainGroup = 7158F7107AC7F97D0E6682D5;
			minimizedProjectReferenceProxies = 1;
			packageReferences = (
				ECD5C5426F95B95796C97820 /* XCRemoteSwiftPackageReference "swift-markdown-ui" */,
			);
			preferredProjectObjectVersion = 77;
			projectDirPath = "";
			projectRoot = "";
			targets = (
				643E5BFEBB7734EBAF6D7B42 /* ConferenceNav */,
			);
		};
/* End PBXProject section */

/* Begin PBXResourcesBuildPhase section */
		21B57D59C6E8D452168D9E25 /* Resources */ = {
			isa = PBXResourcesBuildPhase;
			buildActionMask = 2147483647;
			files = (
				A167A4C4FD3A61A98E76FE35 /* Assets.xcassets in Resources */,
				41998527D364FEEB64034E39 /* programme.json in Resources */,
			);
			runOnlyForDeploymentPostprocessing = 0;
		};
/* End PBXResourcesBuildPhase section */

/* Begin PBXSourcesBuildPhase section */
		36BD40E463B5243D8AB105CE /* Sources */ = {
			isa = PBXSourcesBuildPhase;
			buildActionMask = 2147483647;
			files = (
				A50036AB1B7ACEDE553E2381 /* ConferenceDesign.swift in Sources */,
				90169BCAE57F9F98E3152AA2 /* ConferenceNavApp.swift in Sources */,
				6DE13A274D4683DBD7571EFC /* ConferenceStore.swift in Sources */,
				CC3F8C04681DC46D9ABD7AFD /* ConflictBanner.swift in Sources */,
				17C648B81CEABA1A442D9FE6 /* Contact.swift in Sources */,
				9C2EAB7CA1856210D60C2BE2 /* ContactFormView.swift in Sources */,
				F09E8A5A014D7C1458DF6D94 /* ContactStore.swift in Sources */,
				140AACDEEBBA289CA46A9B7A /* DayPicker.swift in Sources */,
				E9A3C36411D9B78F0649A269 /* DebugClock.swift in Sources */,
				998F9A46BE99AA2D76B3AA3D /* DotGridBackgroundView.swift in Sources */,
				4BF364BC5F678097A00EF423 /* ExportView.swift in Sources */,
				1C20602467A99573E1BA3AAD /* ExtrasView.swift in Sources */,
				E624B8B3765D8A8F8A1EBD28 /* FilterChips.swift in Sources */,
				F02B33683EDA7403622D602D /* IdiomLayout.swift in Sources */,
				637D5707861F36BA9E47F10D /* MainTabView.swift in Sources */,
				3B365F0C8B01AC46C26358C0 /* MarkdownTheme.swift in Sources */,
				24708B210E80D772D5A46030 /* MateBadges.swift in Sources */,
				CDE82F251FC80BF43A6C18CB /* MatesView.swift in Sources */,
				2DA31BD36FDA65B813D24461 /* MediaStrip.swift in Sources */,
				B834CDC7A202CEBA6886F667 /* MyDayOverlay.swift in Sources */,
				E633ABB8D16A7C3CBCEFEF26 /* MyPicksView.swift in Sources */,
				B1F3D17D1B9D524FE2CE17B2 /* NoteEditorView.swift in Sources */,
				0D7C5F8C6E837B167AE44E4D /* NoteListView.swift in Sources */,
				82B89C76CEAEB46ED94503ED /* NotesStore.swift in Sources */,
				BBE777061BFCC9F280661159 /* NotificationService.swift in Sources */,
				E6D5620D8AED78205F25F2FF /* PeopleListView.swift in Sources */,
				881944143EC8720B76C5F4EE /* PhotoPickerView.swift in Sources */,
				B14984DBFFA96F178425C872 /* PickButton.swift in Sources */,
				0B0BA07E1BAF1E0CF280E1F3 /* PicksSyncService.swift in Sources */,
				3C3A02D0BFB717DF9A3A7C84 /* ScheduleView.swift in Sources */,
				D7B2C1FD36142A55BD82882A /* SearchIndex.swift in Sources */,
				735C658CFB9D205C360F09E2 /* SearchView.swift in Sources */,
				3D14095D483511B17D269768 /* Session.swift in Sources */,
				ABB202A3C3FF442305F380C1 /* SessionCardView.swift in Sources */,
				AB5F1B4CF81ADC74FF3AE9FF /* SessionDetailView.swift in Sources */,
				3E2383F522640C3A7D3D0E32 /* SessionNote.swift in Sources */,
				5D2FA24D52912819DBAC7B99 /* SketchEditorView.swift in Sources */,
				0926B92629E00D96362CFCC4 /* SketchOCRService.swift in Sources */,
				684BF2AC370B2123A7054790 /* SketchToolbar.swift in Sources */,
				4D2D19E23D7C95A78A4AAD65 /* SplashScreen.swift in Sources */,
				FE2EC69A050F1756E79C0290 /* TypeBadge.swift in Sources */,
				6DAF4358E3534325C9CAD3D2 /* UserPickerView.swift in Sources */,
				22B8C7D682511D5E75DCD06B /* UserProfile.swift in Sources */,
				8DE366B071BED80669662FAD /* VenueMap.swift in Sources */,
				E5D0BF7D2D800B6C179A9DC7 /* VenueMapDebugView.swift in Sources */,
				51B4D1B4711ED952DAF0C7C1 /* VenueMapPin.swift in Sources */,
				8E114903E66E59DF59AEEADA /* VenueMapThumbnail.swift in Sources */,
				80743A7A3D464BB86C2AA183 /* VenueMapView.swift in Sources */,
			);
			runOnlyForDeploymentPostprocessing = 0;
		};
/* End PBXSourcesBuildPhase section */

/* Begin XCBuildConfiguration section */
		49B4BEE1ADA76F08DA20218D /* Debug */ = {
			isa = XCBuildConfiguration;
			buildSettings = {
				ASSETCATALOG_COMPILER_APPICON_NAME = AppIcon;
				ASSETCATALOG_COMPILER_GLOBAL_ACCENT_COLOR_NAME = AccentColor;
				CODE_SIGNING_ALLOWED = "$(inherited)";
				CODE_SIGNING_REQUIRED = NO;
				CODE_SIGN_ENTITLEMENTS = ConferenceNav.entitlements;
				CODE_SIGN_IDENTITY = "iPhone Developer";
				CODE_SIGN_STYLE = Automatic;
				DEVELOPMENT_TEAM = "";
				GENERATE_INFOPLIST_FILE = YES;
				INFOPLIST_KEY_CFBundleDisplayName = "EAPragueC 2026";
				INFOPLIST_KEY_NSCameraUsageDescription = "Take photos of sessions, posters, and slides";
				INFOPLIST_KEY_NSPhotoLibraryUsageDescription = "Attach photos from your library to session notes";
				INFOPLIST_KEY_UIApplicationSceneManifest_Generation = YES;
				INFOPLIST_KEY_UIApplicationSupportsIndirectInputEvents = YES;
				INFOPLIST_KEY_UILaunchScreen_Generation = YES;
				INFOPLIST_KEY_UISupportedInterfaceOrientations_iPad = "UIInterfaceOrientationPortrait UIInterfaceOrientationPortraitUpsideDown UIInterfaceOrientationLandscapeLeft UIInterfaceOrientationLandscapeRight";
				INFOPLIST_KEY_UISupportedInterfaceOrientations_iPhone = UIInterfaceOrientationPortrait;
				LD_RUNPATH_SEARCH_PATHS = (
					"$(inherited)",
					"@executable_path/Frameworks",
				);
				PRODUCT_BUNDLE_IDENTIFIER = com.wheresBen.ConferenceNav;
				SDKROOT = iphoneos;
				TARGETED_DEVICE_FAMILY = "1,2";
			};
			name = Debug;
		};
		5413F59AB03AD9E522FD8202 /* Release */ = {
			isa = XCBuildConfiguration;
			buildSettings = {
				ALWAYS_SEARCH_USER_PATHS = NO;
				CLANG_ANALYZER_NONNULL = YES;
				CLANG_ANALYZER_NUMBER_OBJECT_CONVERSION = YES_AGGRESSIVE;
				CLANG_CXX_LANGUAGE_STANDARD = "gnu++14";
				CLANG_CXX_LIBRARY = "libc++";
				CLANG_ENABLE_MODULES = YES;
				CLANG_ENABLE_OBJC_ARC = YES;
				CLANG_ENABLE_OBJC_WEAK = YES;
				CLANG_WARN_BLOCK_CAPTURE_AUTORELEASING = YES;
				CLANG_WARN_BOOL_CONVERSION = YES;
				CLANG_WARN_COMMA = YES;
				CLANG_WARN_CONSTANT_CONVERSION = YES;
				CLANG_WARN_DEPRECATED_OBJC_IMPLEMENTATIONS = YES;
				CLANG_WARN_DIRECT_OBJC_ISA_USAGE = YES_ERROR;
				CLANG_WARN_DOCUMENTATION_COMMENTS = YES;
				CLANG_WARN_EMPTY_BODY = YES;
				CLANG_WARN_ENUM_CONVERSION = YES;
				CLANG_WARN_INFINITE_RECURSION = YES;
				CLANG_WARN_INT_CONVERSION = YES;
				CLANG_WARN_NON_LITERAL_NULL_CONVERSION = YES;
				CLANG_WARN_OBJC_IMPLICIT_RETAIN_SELF = YES;
				CLANG_WARN_OBJC_LITERAL_CONVERSION = YES;
				CLANG_WARN_OBJC_ROOT_CLASS = YES_ERROR;
				CLANG_WARN_QUOTED_INCLUDE_IN_FRAMEWORK_HEADER = YES;
				CLANG_WARN_RANGE_LOOP_ANALYSIS = YES;
				CLANG_WARN_STRICT_PROTOTYPES = YES;
				CLANG_WARN_SUSPICIOUS_MOVE = YES;
				CLANG_WARN_UNGUARDED_AVAILABILITY = YES_AGGRESSIVE;
				CLANG_WARN_UNREACHABLE_CODE = YES;
				CLANG_WARN__DUPLICATE_METHOD_MATCH = YES;
				COPY_PHASE_STRIP = NO;
				CURRENT_PROJECT_VERSION = 2;
				DEBUG_INFORMATION_FORMAT = "dwarf-with-dsym";
				ENABLE_NS_ASSERTIONS = NO;
				ENABLE_STRICT_OBJC_MSGSEND = YES;
				GCC_C_LANGUAGE_STANDARD = gnu11;
				GCC_NO_COMMON_BLOCKS = YES;
				GCC_WARN_64_TO_32_BIT_CONVERSION = YES;
				GCC_WARN_ABOUT_RETURN_TYPE = YES_ERROR;
				GCC_WARN_UNDECLARED_SELECTOR = YES;
				GCC_WARN_UNINITIALIZED_AUTOS = YES_AGGRESSIVE;
				GCC_WARN_UNUSED_FUNCTION = YES;
				GCC_WARN_UNUSED_VARIABLE = YES;
				INFOPLIST_KEY_CFBundleDisplayName = "EAPragueC 2026";
				IPHONEOS_DEPLOYMENT_TARGET = 17.0;
				MARKETING_VERSION = 1.1;
				MTL_ENABLE_DEBUG_INFO = NO;
				MTL_FAST_MATH = YES;
				PRODUCT_NAME = "$(TARGET_NAME)";
				SDKROOT = iphoneos;
				SWIFT_COMPILATION_MODE = wholemodule;
				SWIFT_OPTIMIZATION_LEVEL = "-O";
				SWIFT_VERSION = 5.9;
			};
			name = Release;
		};
		DD39B8E86306330895B9972E /* Debug */ = {
			isa = XCBuildConfiguration;
			buildSettings = {
				ALWAYS_SEARCH_USER_PATHS = NO;
				CLANG_ANALYZER_NONNULL = YES;
				CLANG_ANALYZER_NUMBER_OBJECT_CONVERSION = YES_AGGRESSIVE;
				CLANG_CXX_LANGUAGE_STANDARD = "gnu++14";
				CLANG_CXX_LIBRARY = "libc++";
				CLANG_ENABLE_MODULES = YES;
				CLANG_ENABLE_OBJC_ARC = YES;
				CLANG_ENABLE_OBJC_WEAK = YES;
				CLANG_WARN_BLOCK_CAPTURE_AUTORELEASING = YES;
				CLANG_WARN_BOOL_CONVERSION = YES;
				CLANG_WARN_COMMA = YES;
				CLANG_WARN_CONSTANT_CONVERSION = YES;
				CLANG_WARN_DEPRECATED_OBJC_IMPLEMENTATIONS = YES;
				CLANG_WARN_DIRECT_OBJC_ISA_USAGE = YES_ERROR;
				CLANG_WARN_DOCUMENTATION_COMMENTS = YES;
				CLANG_WARN_EMPTY_BODY = YES;
				CLANG_WARN_ENUM_CONVERSION = YES;
				CLANG_WARN_INFINITE_RECURSION = YES;
				CLANG_WARN_INT_CONVERSION = YES;
				CLANG_WARN_NON_LITERAL_NULL_CONVERSION = YES;
				CLANG_WARN_OBJC_IMPLICIT_RETAIN_SELF = YES;
				CLANG_WARN_OBJC_LITERAL_CONVERSION = YES;
				CLANG_WARN_OBJC_ROOT_CLASS = YES_ERROR;
				CLANG_WARN_QUOTED_INCLUDE_IN_FRAMEWORK_HEADER = YES;
				CLANG_WARN_RANGE_LOOP_ANALYSIS = YES;
				CLANG_WARN_STRICT_PROTOTYPES = YES;
				CLANG_WARN_SUSPICIOUS_MOVE = YES;
				CLANG_WARN_UNGUARDED_AVAILABILITY = YES_AGGRESSIVE;
				CLANG_WARN_UNREACHABLE_CODE = YES;
				CLANG_WARN__DUPLICATE_METHOD_MATCH = YES;
				COPY_PHASE_STRIP = NO;
				CURRENT_PROJECT_VERSION = 2;
				DEBUG_INFORMATION_FORMAT = dwarf;
				ENABLE_STRICT_OBJC_MSGSEND = YES;
				ENABLE_TESTABILITY = YES;
				GCC_C_LANGUAGE_STANDARD = gnu11;
				GCC_DYNAMIC_NO_PIC = NO;
				GCC_NO_COMMON_BLOCKS = YES;
				GCC_OPTIMIZATION_LEVEL = 0;
				GCC_PREPROCESSOR_DEFINITIONS = (
					"$(inherited)",
					"DEBUG=1",
				);
				GCC_WARN_64_TO_32_BIT_CONVERSION = YES;
				GCC_WARN_ABOUT_RETURN_TYPE = YES_ERROR;
				GCC_WARN_UNDECLARED_SELECTOR = YES;
				GCC_WARN_UNINITIALIZED_AUTOS = YES_AGGRESSIVE;
				GCC_WARN_UNUSED_FUNCTION = YES;
				GCC_WARN_UNUSED_VARIABLE = YES;
				INFOPLIST_KEY_CFBundleDisplayName = "EAPragueC 2026";
				IPHONEOS_DEPLOYMENT_TARGET = 17.0;
				MARKETING_VERSION = 1.1;
				MTL_ENABLE_DEBUG_INFO = INCLUDE_SOURCE;
				MTL_FAST_MATH = YES;
				ONLY_ACTIVE_ARCH = YES;
				PRODUCT_NAME = "$(TARGET_NAME)";
				SDKROOT = iphoneos;
				SWIFT_ACTIVE_COMPILATION_CONDITIONS = DEBUG;
				SWIFT_OPTIMIZATION_LEVEL = "-Onone";
				SWIFT_VERSION = 5.9;
			};
			name = Debug;
		};
		E062008B8A4DABEB5AC3A494 /* Release */ = {
			isa = XCBuildConfiguration;
			buildSettings = {
				ASSETCATALOG_COMPILER_APPICON_NAME = AppIcon;
				ASSETCATALOG_COMPILER_GLOBAL_ACCENT_COLOR_NAME = AccentColor;
				CODE_SIGNING_ALLOWED = "$(inherited)";
				CODE_SIGNING_REQUIRED = NO;
				CODE_SIGN_ENTITLEMENTS = ConferenceNav.entitlements;
				CODE_SIGN_IDENTITY = "iPhone Developer";
				CODE_SIGN_STYLE = Automatic;
				DEVELOPMENT_TEAM = "";
				GENERATE_INFOPLIST_FILE = YES;
				INFOPLIST_KEY_CFBundleDisplayName = "EAPragueC 2026";
				INFOPLIST_KEY_NSCameraUsageDescription = "Take photos of sessions, posters, and slides";
				INFOPLIST_KEY_NSPhotoLibraryUsageDescription = "Attach photos from your library to session notes";
				INFOPLIST_KEY_UIApplicationSceneManifest_Generation = YES;
				INFOPLIST_KEY_UIApplicationSupportsIndirectInputEvents = YES;
				INFOPLIST_KEY_UILaunchScreen_Generation = YES;
				INFOPLIST_KEY_UISupportedInterfaceOrientations_iPad = "UIInterfaceOrientationPortrait UIInterfaceOrientationPortraitUpsideDown UIInterfaceOrientationLandscapeLeft UIInterfaceOrientationLandscapeRight";
				INFOPLIST_KEY_UISupportedInterfaceOrientations_iPhone = UIInterfaceOrientationPortrait;
				LD_RUNPATH_SEARCH_PATHS = (
					"$(inherited)",
					"@executable_path/Frameworks",
				);
				PRODUCT_BUNDLE_IDENTIFIER = com.wheresBen.ConferenceNav;
				SDKROOT = iphoneos;
				TARGETED_DEVICE_FAMILY = "1,2";
			};
			name = Release;
		};
/* End XCBuildConfiguration section */

/* Begin XCConfigurationList section */
		505C5E49CF30AA09F192CA4B /* Build configuration list for PBXNativeTarget "ConferenceNav" */ = {
			isa = XCConfigurationList;
			buildConfigurations = (
				49B4BEE1ADA76F08DA20218D /* Debug */,
				E062008B8A4DABEB5AC3A494 /* Release */,
			);
			defaultConfigurationIsVisible = 0;
			defaultConfigurationName = Debug;
		};
		D81B37C82A82E7408FC87A05 /* Build configuration list for PBXProject "ConferenceNav" */ = {
			isa = XCConfigurationList;
			buildConfigurations = (
				DD39B8E86306330895B9972E /* Debug */,
				5413F59AB03AD9E522FD8202 /* Release */,
			);
			defaultConfigurationIsVisible = 0;
			defaultConfigurationName = Debug;
		};
/* End XCConfigurationList section */

/* Begin XCRemoteSwiftPackageReference section */
		ECD5C5426F95B95796C97820 /* XCRemoteSwiftPackageReference "swift-markdown-ui" */ = {
			isa = XCRemoteSwiftPackageReference;
			repositoryURL = "https://github.com/gonzalezreal/swift-markdown-ui";
			requirement = {
				kind = upToNextMajorVersion;
				minimumVersion = 2.4.0;
			};
		};
/* End XCRemoteSwiftPackageReference section */

/* Begin XCSwiftPackageProductDependency section */
		681E8D0B10A4F3533B42B01F /* MarkdownUI */ = {
			isa = XCSwiftPackageProductDependency;
			package = ECD5C5426F95B95796C97820 /* XCRemoteSwiftPackageReference "swift-markdown-ui" */;
			productName = MarkdownUI;
		};
/* End XCSwiftPackageProductDependency section */
	};
	rootObject = 24DB57695720E850FE6A6E92 /* Project object */;
}
